{
  "pins" : [
    {
      "identity" : "binarycodable",
      "kind" : "remoteSourceControl",
      "location" : "https://github.com/christophhagen/BinaryCodable",
      "state" : {
        "revision" : "295ca6399b2b01d1aa4fa84d666416f3bf99ffde",
        "version" : "2.0.0"
      }
    }
  ],
  "version" : 2
}
